
Microsoft Visual Studio Solution File, Format Version 12.00
# Visual Studio Version 17
VisualStudioVersion = 17.0.31912.275
MinimumVisualStudioVersion = 10.0.40219.1
Project("{FAE04EC0-301F-11D3-BF4B-00C04F79EFBC}") = "ControleEstoque", "ControleEstoque\ControleEstoque.csproj", "{7D6A11F9-C594-4DC1-8A89-E512DEAEBEAD}"
EndProject
Global
	GlobalSection(SolutionConfigurationPlatforms) = preSolution
		Debug|Any CPU = Debug|Any CPU
		Release|Any CPU = Release|Any CPU
	EndGlobalSection
	GlobalSection(ProjectConfigurationPlatforms) = postSolution
		{7D6A11F9-C594-4DC1-8A89-E512DEAEBEAD}.Debug|Any CPU.ActiveCfg = Debug|Any CPU
		{7D6A11F9-C594-4DC1-8A89-E512DEAEBEAD}.Debug|Any CPU.Build.0 = Debug|Any CPU
		{7D6A11F9-C594-4DC1-8A89-E512DEAEBEAD}.Release|Any CPU.ActiveCfg = Release|Any CPU
		{7D6A11F9-C594-4DC1-8A89-E512DEAEBEAD}.Release|Any CPU.Build.0 = Release|Any CPU
	EndGlobalSection
	GlobalSection(SolutionProperties) = preSolution
		HideSolutionNode = FALSE
	EndGlobalSection
	GlobalSection(ExtensibilityGlobals) = postSolution
		SolutionGuid = {316A686C-1339-41DE-A9E7-DB4891161F00}
	EndGlobalSection
EndGlobal
